
Microsoft Visual Studio Solution File, Format Version 12.00
# Visual Studio 14
VisualStudioVersion = 14.0.24720.0
MinimumVisualStudioVersion = 10.0.40219.1
Project("{8BC9CEB8-8B4A-11D0-8D11-00A0C91BC942}") = "Polyomino", "Polyomino\Polyomino.vcxproj", "{D64DC4F3-2511-49B5-B2E5-BAAB54056939}"
EndProject
Project("{8BC9CEB8-8B4A-11D0-8D11-00A0C91BC942}") = "Starter", "Starter\Starter.vcxproj", "{624C28D2-5C03-4B32-85BD-17140182983D}"
EndProject
Project("{8BC9CEB8-8B4A-11D0-8D11-00A0C91BC942}") = "Recursive", "Recursive\Recursive.vcxproj", "{46A4A484-20D5-48DD-8A35-60B1051CDDB5}"
EndProject
Project("{8BC9CEB8-8B4A-11D0-8D11-00A0C91BC942}") = "Dynamic", "Dynamic\Dynamic.vcxproj", "{9CEEABAB-9377-46AE-B7CA-7E433E966C42}"
EndProject
Project("{8BC9CEB8-8B4A-11D0-8D11-00A0C91BC942}") = "Combination", "Combination\Combination.vcxproj", "{C0D1A0D8-1C61-4B3C-BC47-62FE05C4C186}"
EndProject
Global
	GlobalSection(SolutionConfigurationPlatforms) = preSolution
		Debug|x64 = Debug|x64
		Debug|x86 = Debug|x86
		Release|x64 = Release|x64
		Release|x86 = Release|x86
	EndGlobalSection
	GlobalSection(ProjectConfigurationPlatforms) = postSolution
		{D64DC4F3-2511-49B5-B2E5-BAAB54056939}.Debug|x64.ActiveCfg = Debug|x64
		{D64DC4F3-2511-49B5-B2E5-BAAB54056939}.Debug|x64.Build.0 = Debug|x64
		{D64DC4F3-2511-49B5-B2E5-BAAB54056939}.Debug|x86.ActiveCfg = Debug|Win32
		{D64DC4F3-2511-49B5-B2E5-BAAB54056939}.Debug|x86.Build.0 = Debug|Win32
		{D64DC4F3-2511-49B5-B2E5-BAAB54056939}.Release|x64.ActiveCfg = Release|x64
		{D64DC4F3-2511-49B5-B2E5-BAAB54056939}.Release|x64.Build.0 = Release|x64
		{D64DC4F3-2511-49B5-B2E5-BAAB54056939}.Release|x86.ActiveCfg = Release|Win32
		{D64DC4F3-2511-49B5-B2E5-BAAB54056939}.Release|x86.Build.0 = Release|Win32
		{624C28D2-5C03-4B32-85BD-17140182983D}.Debug|x64.ActiveCfg = Debug|x64
		{624C28D2-5C03-4B32-85BD-17140182983D}.Debug|x64.Build.0 = Debug|x64
		{624C28D2-5C03-4B32-85BD-17140182983D}.Debug|x86.ActiveCfg = Debug|Win32
		{624C28D2-5C03-4B32-85BD-17140182983D}.Debug|x86.Build.0 = Debug|Win32
		{624C28D2-5C03-4B32-85BD-17140182983D}.Release|x64.ActiveCfg = Release|x64
		{624C28D2-5C03-4B32-85BD-17140182983D}.Release|x64.Build.0 = Release|x64
		{624C28D2-5C03-4B32-85BD-17140182983D}.Release|x86.ActiveCfg = Release|Win32
		{624C28D2-5C03-4B32-85BD-17140182983D}.Release|x86.Build.0 = Release|Win32
		{46A4A484-20D5-48DD-8A35-60B1051CDDB5}.Debug|x64.ActiveCfg = Debug|x64
		{46A4A484-20D5-48DD-8A35-60B1051CDDB5}.Debug|x64.Build.0 = Debug|x64
		{46A4A484-20D5-48DD-8A35-60B1051CDDB5}.Debug|x86.ActiveCfg = Debug|Win32
		{46A4A484-20D5-48DD-8A35-60B1051CDDB5}.Debug|x86.Build.0 = Debug|Win32
		{46A4A484-20D5-48DD-8A35-60B1051CDDB5}.Release|x64.ActiveCfg = Release|x64
		{46A4A484-20D5-48DD-8A35-60B1051CDDB5}.Release|x64.Build.0 = Release|x64
		{46A4A484-20D5-48DD-8A35-60B1051CDDB5}.Release|x86.ActiveCfg = Release|Win32
		{46A4A484-20D5-48DD-8A35-60B1051CDDB5}.Release|x86.Build.0 = Release|Win32
		{9CEEABAB-9377-46AE-B7CA-7E433E966C42}.Debug|x64.ActiveCfg = Debug|x64
		{9CEEABAB-9377-46AE-B7CA-7E433E966C42}.Debug|x64.Build.0 = Debug|x64
		{9CEEABAB-9377-46AE-B7CA-7E433E966C42}.Debug|x86.ActiveCfg = Debug|Win32
		{9CEEABAB-9377-46AE-B7CA-7E433E966C42}.Debug|x86.Build.0 = Debug|Win32
		{9CEEABAB-9377-46AE-B7CA-7E433E966C42}.Release|x64.ActiveCfg = Release|x64
		{9CEEABAB-9377-46AE-B7CA-7E433E966C42}.Release|x64.Build.0 = Release|x64
		{9CEEABAB-9377-46AE-B7CA-7E433E966C42}.Release|x86.ActiveCfg = Release|Win32
		{9CEEABAB-9377-46AE-B7CA-7E433E966C42}.Release|x86.Build.0 = Release|Win32
		{C0D1A0D8-1C61-4B3C-BC47-62FE05C4C186}.Debug|x64.ActiveCfg = Debug|x64
		{C0D1A0D8-1C61-4B3C-BC47-62FE05C4C186}.Debug|x64.Build.0 = Debug|x64
		{C0D1A0D8-1C61-4B3C-BC47-62FE05C4C186}.Debug|x86.ActiveCfg = Debug|Win32
		{C0D1A0D8-1C61-4B3C-BC47-62FE05C4C186}.Debug|x86.Build.0 = Debug|Win32
		{C0D1A0D8-1C61-4B3C-BC47-62FE05C4C186}.Release|x64.ActiveCfg = Release|x64
		{C0D1A0D8-1C61-4B3C-BC47-62FE05C4C186}.Release|x64.Build.0 = Release|x64
		{C0D1A0D8-1C61-4B3C-BC47-62FE05C4C186}.Release|x86.ActiveCfg = Release|Win32
		{C0D1A0D8-1C61-4B3C-BC47-62FE05C4C186}.Release|x86.Build.0 = Release|Win32
	EndGlobalSection
	GlobalSection(SolutionProperties) = preSolution
		HideSolutionNode = FALSE
	EndGlobalSection
EndGlobal
